
Microsoft Visual Studio Solution File, Format Version 12.00
# Visual Studio Version 17
VisualStudioVersion = 17.2.32602.215
MinimumVisualStudioVersion = 10.0.40219.1
Project("{9A19103F-16F7-4668-BE54-9A1E7A4F7556}") = "Join Example", "Join Example\Join Example.csproj", "{4DB90589-D2D3-421C-AF3F-0C654C1722FA}"
EndProject
Project("{9A19103F-16F7-4668-BE54-9A1E7A4F7556}") = "TestQRGenerator", "TestQRGenerator\TestQRGenerator.csproj", "{48C987D5-4395-4312-BB72-221AA6528E0D}"
EndProject
Project("{9A19103F-16F7-4668-BE54-9A1E7A4F7556}") = "Tester", "TestBerk\Tester.csproj", "{C9A42A25-1DE7-4291-A271-EAC1BE264707}"
EndProject
Project("{9A19103F-16F7-4668-BE54-9A1E7A4F7556}") = "MuhasebeX", "MuhasebeX\MuhasebeX.csproj", "{91F62A13-B097-48A0-900A-E8AD421E7B5A}"
EndProject
Project("{9A19103F-16F7-4668-BE54-9A1E7A4F7556}") = "CSharper", "CSharper\CSharper.csproj", "{315933CD-0537-4B69-A3D0-0EEB08FFB7A2}"
EndProject
Project("{9A19103F-16F7-4668-BE54-9A1E7A4F7556}") = "DesignPattern-Builder", "DesignPattern-Builder\DesignPattern-Builder.csproj", "{85FF3D59-36C9-4470-9DD0-AF794A0FA6D4}"
EndProject
Project("{FAE04EC0-301F-11D3-BF4B-00C04F79EFBC}") = "Test12.15.22", "Test12.15.22\Test12.15.22.csproj", "{0D9D5D1B-67B5-45FE-B52E-29135C007D92}"
EndProject
Global
	GlobalSection(SolutionConfigurationPlatforms) = preSolution
		Debug|Any CPU = Debug|Any CPU
		Release|Any CPU = Release|Any CPU
	EndGlobalSection
	GlobalSection(ProjectConfigurationPlatforms) = postSolution
		{4DB90589-D2D3-421C-AF3F-0C654C1722FA}.Debug|Any CPU.ActiveCfg = Debug|Any CPU
		{4DB90589-D2D3-421C-AF3F-0C654C1722FA}.Debug|Any CPU.Build.0 = Debug|Any CPU
		{4DB90589-D2D3-421C-AF3F-0C654C1722FA}.Release|Any CPU.ActiveCfg = Release|Any CPU
		{4DB90589-D2D3-421C-AF3F-0C654C1722FA}.Release|Any CPU.Build.0 = Release|Any CPU
		{48C987D5-4395-4312-BB72-221AA6528E0D}.Debug|Any CPU.ActiveCfg = Debug|Any CPU
		{48C987D5-4395-4312-BB72-221AA6528E0D}.Debug|Any CPU.Build.0 = Debug|Any CPU
		{48C987D5-4395-4312-BB72-221AA6528E0D}.Release|Any CPU.ActiveCfg = Release|Any CPU
		{48C987D5-4395-4312-BB72-221AA6528E0D}.Release|Any CPU.Build.0 = Release|Any CPU
		{C9A42A25-1DE7-4291-A271-EAC1BE264707}.Debug|Any CPU.ActiveCfg = Debug|Any CPU
		{C9A42A25-1DE7-4291-A271-EAC1BE264707}.Debug|Any CPU.Build.0 = Debug|Any CPU
		{C9A42A25-1DE7-4291-A271-EAC1BE264707}.Release|Any CPU.ActiveCfg = Release|Any CPU
		{C9A42A25-1DE7-4291-A271-EAC1BE264707}.Release|Any CPU.Build.0 = Release|Any CPU
		{91F62A13-B097-48A0-900A-E8AD421E7B5A}.Debug|Any CPU.ActiveCfg = Debug|Any CPU
		{91F62A13-B097-48A0-900A-E8AD421E7B5A}.Debug|Any CPU.Build.0 = Debug|Any CPU
		{91F62A13-B097-48A0-900A-E8AD421E7B5A}.Release|Any CPU.ActiveCfg = Release|Any CPU
		{91F62A13-B097-48A0-900A-E8AD421E7B5A}.Release|Any CPU.Build.0 = Release|Any CPU
		{315933CD-0537-4B69-A3D0-0EEB08FFB7A2}.Debug|Any CPU.ActiveCfg = Debug|Any CPU
		{315933CD-0537-4B69-A3D0-0EEB08FFB7A2}.Debug|Any CPU.Build.0 = Debug|Any CPU
		{315933CD-0537-4B69-A3D0-0EEB08FFB7A2}.Release|Any CPU.ActiveCfg = Release|Any CPU
		{315933CD-0537-4B69-A3D0-0EEB08FFB7A2}.Release|Any CPU.Build.0 = Release|Any CPU
		{85FF3D59-36C9-4470-9DD0-AF794A0FA6D4}.Debug|Any CPU.ActiveCfg = Debug|Any CPU
		{85FF3D59-36C9-4470-9DD0-AF794A0FA6D4}.Debug|Any CPU.Build.0 = Debug|Any CPU
		{85FF3D59-36C9-4470-9DD0-AF794A0FA6D4}.Release|Any CPU.ActiveCfg = Release|Any CPU
		{85FF3D59-36C9-4470-9DD0-AF794A0FA6D4}.Release|Any CPU.Build.0 = Release|Any CPU
		{0D9D5D1B-67B5-45FE-B52E-29135C007D92}.Debug|Any CPU.ActiveCfg = Debug|Any CPU
		{0D9D5D1B-67B5-45FE-B52E-29135C007D92}.Debug|Any CPU.Build.0 = Debug|Any CPU
		{0D9D5D1B-67B5-45FE-B52E-29135C007D92}.Release|Any CPU.ActiveCfg = Release|Any CPU
		{0D9D5D1B-67B5-45FE-B52E-29135C007D92}.Release|Any CPU.Build.0 = Release|Any CPU
	EndGlobalSection
	GlobalSection(SolutionProperties) = preSolution
		HideSolutionNode = FALSE
	EndGlobalSection
	GlobalSection(ExtensibilityGlobals) = postSolution
		SolutionGuid = {D664522D-5982-4378-BF43-25E5FA63E043}
	EndGlobalSection
EndGlobal
